// !$*UTF8*$!
{
	archiveVersion = 1;
	classes = {
	};
	objectVersion = 50;
	objects = {

/* Begin PBXBuildFile section */
		614ACCB8238C20970097EC86 /* AppDelegate.swift in Sources */ = {isa = PBXBuildFile; fileRef = 614ACCB7238C20970097EC86 /* AppDelegate.swift */; };
		614ACCBA238C20970097EC86 /* SceneDelegate.swift in Sources */ = {isa = PBXBuildFile; fileRef = 614ACCB9238C20970097EC86 /* SceneDelegate.swift */; };
		614ACCBC238C20970097EC86 /* ViewController.swift in Sources */ = {isa = PBXBuildFile; fileRef = 614ACCBB238C20970097EC86 /* ViewController.swift */; };
		614ACCBF238C20970097EC86 /* Main.storyboard in Resources */ = {isa = PBXBuildFile; fileRef = 614ACCBD238C20970097EC86 /* Main.storyboard */; };
		614ACCC1238C20980097EC86 /* Assets.xcassets in Resources */ = {isa = PBXBuildFile; fileRef = 614ACCC0238C20980097EC86 /* Assets.xcassets */; };
		614ACCC4238C20980097EC86 /* LaunchScreen.storyboard in Resources */ = {isa = PBXBuildFile; fileRef = 614ACCC2238C20980097EC86 /* LaunchScreen.storyboard */; };
		614ACCCF238C20980097EC86 /* Jack_the_RipperTests.swift in Sources */ = {isa = PBXBuildFile; fileRef = 614ACCCE238C20980097EC86 /* Jack_the_RipperTests.swift */; };
		614ACCDA238C20980097EC86 /* Jack_the_RipperUITests.swift in Sources */ = {isa = PBXBuildFile; fileRef = 614ACCD9238C20980097EC86 /* Jack_the_RipperUITests.swift */; };
/* End PBXBuildFile section */

/* Begin PBXContainerItemProxy section */
		614ACCCB238C20980097EC86 /* PBXContainerItemProxy */ = {
			isa = PBXContainerItemProxy;
			containerPortal = 614ACCAC238C20970097EC86 /* Project object */;
			proxyType = 1;
			remoteGlobalIDString = 614ACCB3238C20970097EC86;
			remoteInfo = "Jack the Ripper";
		};
		614ACCD6238C20980097EC86 /* PBXContainerItemProxy */ = {
			isa = PBXContainerItemProxy;
			containerPortal = 614ACCAC238C20970097EC86 /* Project object */;
			proxyType = 1;
			remoteGlobalIDString = 614ACCB3238C20970097EC86;
			remoteInfo = "Jack the Ripper";
		};
/* End PBXContainerItemProxy section */

/* Begin PBXFileReference section */
		614ACCB4238C20970097EC86 /* Jack the Ripper.app */ = {isa = PBXFileReference; explicitFileType = wrapper.application; includeInIndex = 0; path = "Jack the Ripper.app"; sourceTree = BUILT_PRODUCTS_DIR; };
		614ACCB7238C20970097EC86 /* AppDelegate.swift */ = {isa = PBXFileReference; lastKnownFileType = sourcecode.swift; path = AppDelegate.swift; sourceTree = "<group>"; };
		614ACCB9238C20970097EC86 /* SceneDelegate.swift */ = {isa = PBXFileReference; lastKnownFileType = sourcecode.swift; path = SceneDelegate.swift; sourceTree = "<group>"; };
		614ACCBB238C20970097EC86 /* ViewController.swift */ = {isa = PBXFileReference; lastKnownFileType = sourcecode.swift; path = ViewController.swift; sourceTree = "<group>"; };
		614ACCBE238C20970097EC86 /* Base */ = {isa = PBXFileReference; lastKnownFileType = file.storyboard; name = Base; path = Base.lproj/Main.storyboard; sourceTree = "<group>"; };
		614ACCC0238C20980097EC86 /* Assets.xcassets */ = {isa = PBXFileReference; lastKnownFileType = folder.assetcatalog; path = Assets.xcassets; sourceTree = "<group>"; };
		614ACCC3238C20980097EC86 /* Base */ = {isa = PBXFileReference; lastKnownFileType = file.storyboard; name = Base; path = Base.lproj/LaunchScreen.storyboard; sourceTree = "<group>"; };
		614ACCC5238C20980097EC86 /* Info.plist */ = {isa = PBXFileReference; lastKnownFileType = text.plist.xml; path = Info.plist; sourceTree = "<group>"; };
		614ACCCA238C20980097EC86 /* Jack the RipperTests.xctest */ = {isa = PBXFileReference; explicitFileType = wrapper.cfbundle; includeInIndex = 0; path = "Jack the RipperTests.xctest"; sourceTree = BUILT_PRODUCTS_DIR; };
		614ACCCE238C20980097EC86 /* Jack_the_RipperTests.swift */ = {isa = PBXFileReference; lastKnownFileType = sourcecode.swift; path = Jack_the_RipperTests.swift; sourceTree = "<group>"; };
		614ACCD0238C20980097EC86 /* Info.plist */ = {isa = PBXFileReference; lastKnownFileType = text.plist.xml; path = Info.plist; sourceTree = "<group>"; };
		614ACCD5238C20980097EC86 /* Jack the RipperUITests.xctest */ = {isa = PBXFileReference; explicitFileType = wrapper.cfbundle; includeInIndex = 0; path = "Jack the RipperUITests.xctest"; sourceTree = BUILT_PRODUCTS_DIR; };
		614ACCD9238C20980097EC86 /* Jack_the_RipperUITests.swift */ = {isa = PBXFileReference; lastKnownFileType = sourcecode.swift; path = Jack_the_RipperUITests.swift; sourceTree = "<group>"; };
		614ACCDB238C20980097EC86 /* Info.plist */ = {isa = PBXFileReference; lastKnownFileType = text.plist.xml; path = Info.plist; sourceTree = "<group>"; };
/* End PBXFileReference section */

/* Begin PBXFrameworksBuildPhase section */
		614ACCB1238C20970097EC86 /* Frameworks */ = {
			isa = PBXFrameworksBuildPhase;
			buildActionMask = 2147483647;
			files = (
			);
			runOnlyForDeploymentPostprocessing = 0;
		};
		614ACCC7238C20980097EC86 /* Frameworks */ = {
			isa = PBXFrameworksBuildPhase;
			buildActionMask = 2147483647;
			files = (
			);
			runOnlyForDeploymentPostprocessing = 0;
		};
		614ACCD2238C20980097EC86 /* Frameworks */ = {
			isa = PBXFrameworksBuildPhase;
			buildActionMask = 2147483647;
			files = (
			);
			runOnlyForDeploymentPostprocessing = 0;
		};
/* End PBXFrameworksBuildPhase section */

/* Begin PBXGroup section */
		614ACCAB238C20970097EC86 = {
			isa = PBXGroup;
			children = (
				614ACCB6238C20970097EC86 /* Jack the Ripper */,
				614ACCCD238C20980097EC86 /* Jack the RipperTests */,
				614ACCD8238C20980097EC86 /* Jack the RipperUITests */,
				614ACCB5238C20970097EC86 /* Products */,
			);
			sourceTree = "<group>";
		};
		614ACCB5238C20970097EC86 /* Products */ = {
			isa = PBXGroup;
			children = (
				614ACCB4238C20970097EC86 /* Jack the Ripper.app */,
				614ACCCA238C20980097EC86 /* Jack the RipperTests.xctest */,
				614ACCD5238C20980097EC86 /* Jack the RipperUITests.xctest */,
			);
			name = Products;
			sourceTree = "<group>";
		};
		614ACCB6238C20970097EC86 /* Jack the Ripper */ = {
			isa = PBXGroup;
			children = (
				614ACCB7238C20970097EC86 /* AppDelegate.swift */,
				614ACCB9238C20970097EC86 /* SceneDelegate.swift */,
				614ACCBB238C20970097EC86 /* ViewController.swift */,
				614ACCBD238C20970097EC86 /* Main.storyboard */,
				614ACCC0238C20980097EC86 /* Assets.xcassets */,
				614ACCC2238C20980097EC86 /* LaunchScreen.storyboard */,
				614ACCC5238C20980097EC86 /* Info.plist */,
			);
			path = "Jack the Ripper";
			sourceTree = "<group>";
		};
		614ACCCD238C20980097EC86 /* Jack the RipperTests */ = {
			isa = PBXGroup;
			children = (
				614ACCCE238C20980097EC86 /* Jack_the_RipperTests.swift */,
				614ACCD0238C20980097EC86 /* Info.plist */,
			);
			path = "Jack the RipperTests";
			sourceTree = "<group>";
		};
		614ACCD8238C20980097EC86 /* Jack the RipperUITests */ = {
			isa = PBXGroup;
			children = (
				614ACCD9238C20980097EC86 /* Jack_the_RipperUITests.swift */,
				614ACCDB238C20980097EC86 /* Info.plist */,
			);
			path = "Jack the RipperUITests";
			sourceTree = "<group>";
		};
/* End PBXGroup section */

/* Begin PBXNativeTarget section */
		614ACCB3238C20970097EC86 /* Jack the Ripper */ = {
			isa = PBXNativeTarget;
			buildConfigurationList = 614ACCDE238C20980097EC86 /* Build configuration list for PBXNativeTarget "Jack the Ripper" */;
			buildPhases = (
				614ACCB0238C20970097EC86 /* Sources */,
				614ACCB1238C20970097EC86 /* Frameworks */,
				614ACCB2238C20970097EC86 /* Resources */,
			);
			buildRules = (
			);
			dependencies = (
			);
			name = "Jack the Ripper";
			productName = "Jack the Ripper";
			productReference = 614ACCB4238C20970097EC86 /* Jack the Ripper.app */;
			productType = "com.apple.product-type.application";
		};
		614ACCC9238C20980097EC86 /* Jack the RipperTests */ = {
			isa = PBXNativeTarget;
			buildConfigurationList = 614ACCE1238C20980097EC86 /* Build configuration list for PBXNativeTarget "Jack the RipperTests" */;
			buildPhases = (
				614ACCC6238C20980097EC86 /* Sources */,
				614ACCC7238C20980097EC86 /* Frameworks */,
				614ACCC8238C20980097EC86 /* Resources */,
			);
			buildRules = (
			);
			dependencies = (
				614ACCCC238C20980097EC86 /* PBXTargetDependency */,
			);
			name = "Jack the RipperTests";
			productName = "Jack the RipperTests";
			productReference = 614ACCCA238C20980097EC86 /* Jack the RipperTests.xctest */;
			productType = "com.apple.product-type.bundle.unit-test";
		};
		614ACCD4238C20980097EC86 /* Jack the RipperUITests */ = {
			isa = PBXNativeTarget;
			buildConfigurationList = 614ACCE4238C20980097EC86 /* Build configuration list for PBXNativeTarget "Jack the RipperUITests" */;
			buildPhases = (
				614ACCD1238C20980097EC86 /* Sources */,
				614ACCD2238C20980097EC86 /* Frameworks */,
				614ACCD3238C20980097EC86 /* Resources */,
			);
			buildRules = (
			);
			dependencies = (
				614ACCD7238C20980097EC86 /* PBXTargetDependency */,
			);
			name = "Jack the RipperUITests";
			productName = "Jack the RipperUITests";
			productReference = 614ACCD5238C20980097EC86 /* Jack the RipperUITests.xctest */;
			productType = "com.apple.product-type.bundle.ui-testing";
		};
/* End PBXNativeTarget section */

/* Begin PBXProject section */
		614ACCAC238C20970097EC86 /* Project object */ = {
			isa = PBXProject;
			attributes = {
				LastSwiftUpdateCheck = 1120;
				LastUpgradeCheck = 1120;
				ORGANIZATIONNAME = "Team-6";
				TargetAttributes = {
					614ACCB3238C20970097EC86 = {
						CreatedOnToolsVersion = 11.2.1;
					};
					614ACCC9238C20980097EC86 = {
						CreatedOnToolsVersion = 11.2.1;
						TestTargetID = 614ACCB3238C20970097EC86;
					};
					614ACCD4238C20980097EC86 = {
						CreatedOnToolsVersion = 11.2.1;
						TestTargetID = 614ACCB3238C20970097EC86;
					};
				};
			};
			buildConfigurationList = 614ACCAF238C20970097EC86 /* Build configuration list for PBXProject "Jack the Ripper" */;
			compatibilityVersion = "Xcode 9.3";
			developmentRegion = en;
			hasScannedForEncodings = 0;
			knownRegions = (
				en,
				Base,
			);
			mainGroup = 614ACCAB238C20970097EC86;
			productRefGroup = 614ACCB5238C20970097EC86 /* Products */;
			projectDirPath = "";
			projectRoot = "";
			targets = (
				614ACCB3238C20970097EC86 /* Jack the Ripper */,
				614ACCC9238C20980097EC86 /* Jack the RipperTests */,
				614ACCD4238C20980097EC86 /* Jack the RipperUITests */,
			);
		};
/* End PBXProject section */

/* Begin PBXResourcesBuildPhase section */
		614ACCB2238C20970097EC86 /* Resources */ = {
			isa = PBXResourcesBuildPhase;
			buildActionMask = 2147483647;
			files = (
				614ACCC4238C20980097EC86 /* LaunchScreen.storyboard in Resources */,
				614ACCC1238C20980097EC86 /* Assets.xcassets in Resources */,
				614ACCBF238C20970097EC86 /* Main.storyboard in Resources */,
			);
			runOnlyForDeploymentPostprocessing = 0;
		};
		614ACCC8238C20980097EC86 /* Resources */ = {
			isa = PBXResourcesBuildPhase;
			buildActionMask = 2147483647;
			files = (
			);
			runOnlyForDeploymentPostprocessing = 0;
		};
		614ACCD3238C20980097EC86 /* Resources */ = {
			isa = PBXResourcesBuildPhase;
			buildActionMask = 2147483647;
			files = (
			);
			runOnlyForDeploymentPostprocessing = 0;
		};
/* End PBXResourcesBuildPhase section */

/* Begin PBXSourcesBuildPhase section */
		614ACCB0238C20970097EC86 /* Sources */ = {
			isa = PBXSourcesBuildPhase;
			buildActionMask = 2147483647;
			files = (
				614ACCBC238C20970097EC86 /* ViewController.swift in Sources */,
				614ACCB8238C20970097EC86 /* AppDelegate.swift in Sources */,
				614ACCBA238C20970097EC86 /* SceneDelegate.swift in Sources */,
			);
			runOnlyForDeploymentPostprocessing = 0;
		};
		614ACCC6238C20980097EC86 /* Sources */ = {
			isa = PBXSourcesBuildPhase;
			buildActionMask = 2147483647;
			files = (
				614ACCCF238C20980097EC86 /* Jack_the_RipperTests.swift in Sources */,
			);
			runOnlyForDeploymentPostprocessing = 0;
		};
		614ACCD1238C20980097EC86 /* Sources */ = {
			isa = PBXSourcesBuildPhase;
			buildActionMask = 2147483647;
			files = (
				614ACCDA238C20980097EC86 /* Jack_the_RipperUITests.swift in Sources */,
			);
			runOnlyForDeploymentPostprocessing = 0;
		};
/* End PBXSourcesBuildPhase section */

/* Begin PBXTargetDependency section */
		614ACCCC238C20980097EC86 /* PBXTargetDependency */ = {
			isa = PBXTargetDependency;
			target = 614ACCB3238C20970097EC86 /* Jack the Ripper */;
			targetProxy = 614ACCCB238C20980097EC86 /* PBXContainerItemProxy */;
		};
		614ACCD7238C20980097EC86 /* PBXTargetDependency */ = {
			isa = PBXTargetDependency;
			target = 614ACCB3238C20970097EC86 /* Jack the Ripper */;
			targetProxy = 614ACCD6238C20980097EC86 /* PBXContainerItemProxy */;
		};
/* End PBXTargetDependency section */

/* Begin PBXVariantGroup section */
		614ACCBD238C20970097EC86 /* Main.storyboard */ = {
			isa = PBXVariantGroup;
			children = (
				614ACCBE238C20970097EC86 /* Base */,
			);
			name = Main.storyboard;
			sourceTree = "<group>";
		};
		614ACCC2238C20980097EC86 /* LaunchScreen.storyboard */ = {
			isa = PBXVariantGroup;
			children = (
				614ACCC3238C20980097EC86 /* Base */,
			);
			name = LaunchScreen.storyboard;
			sourceTree = "<group>";
		};
/* End PBXVariantGroup section */

/* Begin XCBuildConfiguration section */
		614ACCDC238C20980097EC86 /* Debug */ = {
			isa = XCBuildConfiguration;
			buildSettings = {
				ALWAYS_SEARCH_USER_PATHS = NO;
				CLANG_ANALYZER_NONNULL = YES;
				CLANG_ANALYZER_NUMBER_OBJECT_CONVERSION = YES_AGGRESSIVE;
				CLANG_CXX_LANGUAGE_STANDARD = "gnu++14";
				CLANG_CXX_LIBRARY = "libc++";
				CLANG_ENABLE_MODULES = YES;
				CLANG_ENABLE_OBJC_ARC = YES;
				CLANG_ENABLE_OBJC_WEAK = YES;
				CLANG_WARN_BLOCK_CAPTURE_AUTORELEASING = YES;
				CLANG_WARN_BOOL_CONVERSION = YES;
				CLANG_WARN_COMMA = YES;
				CLANG_WARN_CONSTANT_CONVERSION = YES;
				CLANG_WARN_DEPRECATED_OBJC_IMPLEMENTATIONS = YES;
				CLANG_WARN_DIRECT_OBJC_ISA_USAGE = YES_ERROR;
				CLANG_WARN_DOCUMENTATION_COMMENTS = YES;
				CLANG_WARN_EMPTY_BODY = YES;
				CLANG_WARN_ENUM_CONVERSION = YES;
				CLANG_WARN_INFINITE_RECURSION = YES;
				CLANG_WARN_INT_CONVERSION = YES;
				CLANG_WARN_NON_LITERAL_NULL_CONVERSION = YES;
				CLANG_WARN_OBJC_IMPLICIT_RETAIN_SELF = YES;
				CLANG_WARN_OBJC_LITERAL_CONVERSION = YES;
				CLANG_WARN_OBJC_ROOT_CLASS = YES_ERROR;
				CLANG_WARN_RANGE_LOOP_ANALYSIS = YES;
				CLANG_WARN_STRICT_PROTOTYPES = YES;
				CLANG_WARN_SUSPICIOUS_MOVE = YES;
				CLANG_WARN_UNGUARDED_AVAILABILITY = YES_AGGRESSIVE;
				CLANG_WARN_UNREACHABLE_CODE = YES;
				CLANG_WARN__DUPLICATE_METHOD_MATCH = YES;
				COPY_PHASE_STRIP = NO;
				DEBUG_INFORMATION_FORMAT = dwarf;
				ENABLE_STRICT_OBJC_MSGSEND = YES;
				ENABLE_TESTABILITY = YES;
				GCC_C_LANGUAGE_STANDARD = gnu11;
				GCC_DYNAMIC_NO_PIC = NO;
				GCC_NO_COMMON_BLOCKS = YES;
				GCC_OPTIMIZATION_LEVEL = 0;
				GCC_PREPROCESSOR_DEFINITIONS = (
					"DEBUG=1",
					"$(inherited)",
				);
				GCC_WARN_64_TO_32_BIT_CONVERSION = YES;
				GCC_WARN_ABOUT_RETURN_TYPE = YES_ERROR;
				GCC_WARN_UNDECLARED_SELECTOR = YES;
				GCC_WARN_UNINITIALIZED_AUTOS = YES_AGGRESSIVE;
				GCC_WARN_UNUSED_FUNCTION = YES;
				GCC_WARN_UNUSED_VARIABLE = YES;
				IPHONEOS_DEPLOYMENT_TARGET = 13.2;
				MTL_ENABLE_DEBUG_INFO = INCLUDE_SOURCE;
				MTL_FAST_MATH = YES;
				ONLY_ACTIVE_ARCH = YES;
				SDKROOT = iphoneos;
				SWIFT_ACTIVE_COMPILATION_CONDITIONS = DEBUG;
				SWIFT_OPTIMIZATION_LEVEL = "-Onone";
			};
			name = Debug;
		};
		614ACCDD238C20980097EC86 /* Release */ = {
			isa = XCBuildConfiguration;
			buildSettings = {
				ALWAYS_SEARCH_USER_PATHS = NO;
				CLANG_ANALYZER_NONNULL = YES;
				CLANG_ANALYZER_NUMBER_OBJECT_CONVERSION = YES_AGGRESSIVE;
				CLANG_CXX_LANGUAGE_STANDARD = "gnu++14";
				CLANG_CXX_LIBRARY = "libc++";
				CLANG_ENABLE_MODULES = YES;
				CLANG_ENABLE_OBJC_ARC = YES;
				CLANG_ENABLE_OBJC_WEAK = YES;
				CLANG_WARN_BLOCK_CAPTURE_AUTORELEASING = YES;
				CLANG_WARN_BOOL_CONVERSION = YES;
				CLANG_WARN_COMMA = YES;
				CLANG_WARN_CONSTANT_CONVERSION = YES;
				CLANG_WARN_DEPRECATED_OBJC_IMPLEMENTATIONS = YES;
				CLANG_WARN_DIRECT_OBJC_ISA_USAGE = YES_ERROR;
				CLANG_WARN_DOCUMENTATION_COMMENTS = YES;
				CLANG_WARN_EMPTY_BODY = YES;
				CLANG_WARN_ENUM_CONVERSION = YES;
				CLANG_WARN_INFINITE_RECURSION = YES;
				CLANG_WARN_INT_CONVERSION = YES;
				CLANG_WARN_NON_LITERAL_NULL_CONVERSION = YES;
				CLANG_WARN_OBJC_IMPLICIT_RETAIN_SELF = YES;
				CLANG_WARN_OBJC_LITERAL_CONVERSION = YES;
				CLANG_WARN_OBJC_ROOT_CLASS = YES_ERROR;
				CLANG_WARN_RANGE_LOOP_ANALYSIS = YES;
				CLANG_WARN_STRICT_PROTOTYPES = YES;
				CLANG_WARN_SUSPICIOUS_MOVE = YES;
				CLANG_WARN_UNGUARDED_AVAILABILITY = YES_AGGRESSIVE;
				CLANG_WARN_UNREACHABLE_CODE = YES;
				CLANG_WARN__DUPLICATE_METHOD_MATCH = YES;
				COPY_PHASE_STRIP = NO;
				DEBUG_INFORMATION_FORMAT = "dwarf-with-dsym";
				ENABLE_NS_ASSERTIONS = NO;
				ENABLE_STRICT_OBJC_MSGSEND = YES;
				GCC_C_LANGUAGE_STANDARD = gnu11;
				GCC_NO_COMMON_BLOCKS = YES;
				GCC_WARN_64_TO_32_BIT_CONVERSION = YES;
				GCC_WARN_ABOUT_RETURN_TYPE = YES_ERROR;
				GCC_WARN_UNDECLARED_SELECTOR = YES;
				GCC_WARN_UNINITIALIZED_AUTOS = YES_AGGRESSIVE;
				GCC_WARN_UNUSED_FUNCTION = YES;
				GCC_WARN_UNUSED_VARIABLE = YES;
				IPHONEOS_DEPLOYMENT_TARGET = 13.2;
				MTL_ENABLE_DEBUG_INFO = NO;
				MTL_FAST_MATH = YES;
				SDKROOT = iphoneos;
				SWIFT_COMPILATION_MODE = wholemodule;
				SWIFT_OPTIMIZATION_LEVEL = "-O";
				VALIDATE_PRODUCT = YES;
			};
			name = Release;
		};
		614ACCDF238C20980097EC86 /* Debug */ = {
			isa = XCBuildConfiguration;
			buildSettings = {
				ASSETCATALOG_COMPILER_APPICON_NAME = AppIcon;
				CODE_SIGN_STYLE = Automatic;
				INFOPLIST_FILE = "Jack the Ripper/Info.plist";
				LD_RUNPATH_SEARCH_PATHS = (
					"$(inherited)",
					"@executable_path/Frameworks",
				);
				PRODUCT_BUNDLE_IDENTIFIER = "com.team-6.Jack-the-Ripper";
				PRODUCT_NAME = "$(TARGET_NAME)";
				SWIFT_VERSION = 5.0;
				TARGETED_DEVICE_FAMILY = "1,2";
			};
			name = Debug;
		};
		614ACCE0238C20980097EC86 /* Release */ = {
			isa = XCBuildConfiguration;
			buildSettings = {
				ASSETCATALOG_COMPILER_APPICON_NAME = AppIcon;
				CODE_SIGN_STYLE = Automatic;
				INFOPLIST_FILE = "Jack the Ripper/Info.plist";
				LD_RUNPATH_SEARCH_PATHS = (
					"$(inherited)",
					"@executable_path/Frameworks",
				);
				PRODUCT_BUNDLE_IDENTIFIER = "com.team-6.Jack-the-Ripper";
				PRODUCT_NAME = "$(TARGET_NAME)";
				SWIFT_VERSION = 5.0;
				TARGETED_DEVICE_FAMILY = "1,2";
			};
			name = Release;
		};
		614ACCE2238C20980097EC86 /* Debug */ = {
			isa = XCBuildConfiguration;
			buildSettings = {
				ALWAYS_EMBED_SWIFT_STANDARD_LIBRARIES = YES;
				BUNDLE_LOADER = "$(TEST_HOST)";
				CODE_SIGN_STYLE = Automatic;
				INFOPLIST_FILE = "Jack the RipperTests/Info.plist";
				IPHONEOS_DEPLOYMENT_TARGET = 13.2;
				LD_RUNPATH_SEARCH_PATHS = (
					"$(inherited)",
					"@executable_path/Frameworks",
					"@loader_path/Frameworks",
				);
				PRODUCT_BUNDLE_IDENTIFIER = "com.team-6.Jack-the-RipperTests";
				PRODUCT_NAME = "$(TARGET_NAME)";
				SWIFT_VERSION = 5.0;
				TARGETED_DEVICE_FAMILY = "1,2";
				TEST_HOST = "$(BUILT_PRODUCTS_DIR)/Jack the Ripper.app/Jack the Ripper";
			};
			name = Debug;
		};
		614ACCE3238C20980097EC86 /* Release */ = {
			isa = XCBuildConfiguration;
			buildSettings = {
				ALWAYS_EMBED_SWIFT_STANDARD_LIBRARIES = YES;
				BUNDLE_LOADER = "$(TEST_HOST)";
				CODE_SIGN_STYLE = Automatic;
				INFOPLIST_FILE = "Jack the RipperTests/Info.plist";
				IPHONEOS_DEPLOYMENT_TARGET = 13.2;
				LD_RUNPATH_SEARCH_PATHS = (
					"$(inherited)",
					"@executable_path/Frameworks",
					"@loader_path/Frameworks",
				);
				PRODUCT_BUNDLE_IDENTIFIER = "com.team-6.Jack-the-RipperTests";
				PRODUCT_NAME = "$(TARGET_NAME)";
				SWIFT_VERSION = 5.0;
				TARGETED_DEVICE_FAMILY = "1,2";
				TEST_HOST = "$(BUILT_PRODUCTS_DIR)/Jack the Ripper.app/Jack the Ripper";
			};
			name = Release;
		};
		614ACCE5238C20980097EC86 /* Debug */ = {
			isa = XCBuildConfiguration;
			buildSettings = {
				ALWAYS_EMBED_SWIFT_STANDARD_LIBRARIES = YES;
				CODE_SIGN_STYLE = Automatic;
				INFOPLIST_FILE = "Jack the RipperUITests/Info.plist";
				LD_RUNPATH_SEARCH_PATHS = (
					"$(inherited)",
					"@executable_path/Frameworks",
					"@loader_path/Frameworks",
				);
				PRODUCT_BUNDLE_IDENTIFIER = "com.team-6.Jack-the-RipperUITests";
				PRODUCT_NAME = "$(TARGET_NAME)";
				SWIFT_VERSION = 5.0;
				TARGETED_DEVICE_FAMILY = "1,2";
				TEST_TARGET_NAME = "Jack the Ripper";
			};
			name = Debug;
		};
		614ACCE6238C20980097EC86 /* Release */ = {
			isa = XCBuildConfiguration;
			buildSettings = {
				ALWAYS_EMBED_SWIFT_STANDARD_LIBRARIES = YES;
				CODE_SIGN_STYLE = Automatic;
				INFOPLIST_FILE = "Jack the RipperUITests/Info.plist";
				LD_RUNPATH_SEARCH_PATHS = (
					"$(inherited)",
					"@executable_path/Frameworks",
					"@loader_path/Frameworks",
				);
				PRODUCT_BUNDLE_IDENTIFIER = "com.team-6.Jack-the-RipperUITests";
				PRODUCT_NAME = "$(TARGET_NAME)";
				SWIFT_VERSION = 5.0;
				TARGETED_DEVICE_FAMILY = "1,2";
				TEST_TARGET_NAME = "Jack the Ripper";
			};
			name = Release;
		};
/* End XCBuildConfiguration section */

/* Begin XCConfigurationList section */
		614ACCAF238C20970097EC86 /* Build configuration list for PBXProject "Jack the Ripper" */ = {
			isa = XCConfigurationList;
			buildConfigurations = (
				614ACCDC238C20980097EC86 /* Debug */,
				614ACCDD238C20980097EC86 /* Release */,
			);
			defaultConfigurationIsVisible = 0;
			defaultConfigurationName = Release;
		};
		614ACCDE238C20980097EC86 /* Build configuration list for PBXNativeTarget "Jack the Ripper" */ = {
			isa = XCConfigurationList;
			buildConfigurations = (
				614ACCDF238C20980097EC86 /* Debug */,
				614ACCE0238C20980097EC86 /* Release */,
			);
			defaultConfigurationIsVisible = 0;
			defaultConfigurationName = Release;
		};
		614ACCE1238C20980097EC86 /* Build configuration list for PBXNativeTarget "Jack the RipperTests" */ = {
			isa = XCConfigurationList;
			buildConfigurations = (
				614ACCE2238C20980097EC86 /* Debug */,
				614ACCE3238C20980097EC86 /* Release */,
			);
			defaultConfigurationIsVisible = 0;
			defaultConfigurationName = Release;
		};
		614ACCE4238C20980097EC86 /* Build configuration list for PBXNativeTarget "Jack the RipperUITests" */ = {
			isa = XCConfigurationList;
			buildConfigurations = (
				614ACCE5238C20980097EC86 /* Debug */,
				614ACCE6238C20980097EC86 /* Release */,
			);
			defaultConfigurationIsVisible = 0;
			defaultConfigurationName = Release;
		};
/* End XCConfigurationList section */
	};
	rootObject = 614ACCAC238C20970097EC86 /* Project object */;
}
